
Microsoft Visual Studio Solution File, Format Version 12.00
# Visual Studio Version 17
VisualStudioVersion = 17.8.34408.163
MinimumVisualStudioVersion = 10.0.40219.1
Project("{FAE04EC0-301F-11D3-BF4B-00C04F79EFBC}") = "Calculated", "Calculated\Calculated.csproj", "{B88768FA-4DBE-483A-822C-2317131F9462}"
EndProject
Global
	GlobalSection(SolutionConfigurationPlatforms) = preSolution
		Debug|Any CPU = Debug|Any CPU
		Release|Any CPU = Release|Any CPU
	EndGlobalSection
	GlobalSection(ProjectConfigurationPlatforms) = postSolution
		{B88768FA-4DBE-483A-822C-2317131F9462}.Debug|Any CPU.ActiveCfg = Debug|Any CPU
		{B88768FA-4DBE-483A-822C-2317131F9462}.Debug|Any CPU.Build.0 = Debug|Any CPU
		{B88768FA-4DBE-483A-822C-2317131F9462}.Release|Any CPU.ActiveCfg = Release|Any CPU
		{B88768FA-4DBE-483A-822C-2317131F9462}.Release|Any CPU.Build.0 = Release|Any CPU
	EndGlobalSection
	GlobalSection(SolutionProperties) = preSolution
		HideSolutionNode = FALSE
	EndGlobalSection
	GlobalSection(ExtensibilityGlobals) = postSolution
		SolutionGuid = {F5A9BF6C-6D24-4C6F-A8D9-0E78F89B5F3C}
	EndGlobalSection
EndGlobal
